
Microsoft Visual Studio Solution File, Format Version 12.00
# Visual Studio Version 17
VisualStudioVersion = 17.4.33122.133
MinimumVisualStudioVersion = 10.0.40219.1
Project("{FAE04EC0-301F-11D3-BF4B-00C04F79EFBC}") = "WindowsApp", "WindowsApp.App\WindowsApp.csproj", "{1DEE1419-0CC7-493D-BB58-CD430E46991E}"
EndProject
Project("{FAE04EC0-301F-11D3-BF4B-00C04F79EFBC}") = "Entidades", "WindowsApp.Core\Entidades.csproj", "{C8151AA4-CC19-4790-822C-30164666E231}"
EndProject
Project("{FAE04EC0-301F-11D3-BF4B-00C04F79EFBC}") = "Negocio", "Negocio\Negocio.csproj", "{3AD75612-75EA-47FD-AFA7-BE27FBD5AE90}"
EndProject
Global
	GlobalSection(SolutionConfigurationPlatforms) = preSolution
		Debug|Any CPU = Debug|Any CPU
		Release|Any CPU = Release|Any CPU
	EndGlobalSection
	GlobalSection(ProjectConfigurationPlatforms) = postSolution
		{1DEE1419-0CC7-493D-BB58-CD430E46991E}.Debug|Any CPU.ActiveCfg = Debug|Any CPU
		{1DEE1419-0CC7-493D-BB58-CD430E46991E}.Debug|Any CPU.Build.0 = Debug|Any CPU
		{1DEE1419-0CC7-493D-BB58-CD430E46991E}.Release|Any CPU.ActiveCfg = Release|Any CPU
		{1DEE1419-0CC7-493D-BB58-CD430E46991E}.Release|Any CPU.Build.0 = Release|Any CPU
		{C8151AA4-CC19-4790-822C-30164666E231}.Debug|Any CPU.ActiveCfg = Debug|Any CPU
		{C8151AA4-CC19-4790-822C-30164666E231}.Debug|Any CPU.Build.0 = Debug|Any CPU
		{C8151AA4-CC19-4790-822C-30164666E231}.Release|Any CPU.ActiveCfg = Release|Any CPU
		{C8151AA4-CC19-4790-822C-30164666E231}.Release|Any CPU.Build.0 = Release|Any CPU
		{3AD75612-75EA-47FD-AFA7-BE27FBD5AE90}.Debug|Any CPU.ActiveCfg = Debug|Any CPU
		{3AD75612-75EA-47FD-AFA7-BE27FBD5AE90}.Debug|Any CPU.Build.0 = Debug|Any CPU
		{3AD75612-75EA-47FD-AFA7-BE27FBD5AE90}.Release|Any CPU.ActiveCfg = Release|Any CPU
		{3AD75612-75EA-47FD-AFA7-BE27FBD5AE90}.Release|Any CPU.Build.0 = Release|Any CPU
	EndGlobalSection
	GlobalSection(SolutionProperties) = preSolution
		HideSolutionNode = FALSE
	EndGlobalSection
	GlobalSection(ExtensibilityGlobals) = postSolution
		SolutionGuid = {983EF206-2674-4C70-99FB-42B9114480F1}
	EndGlobalSection
EndGlobal
